
Microsoft Visual Studio Solution File, Format Version 12.00
# Visual Studio Version 17
VisualStudioVersion = 17.8.34309.116
MinimumVisualStudioVersion = 10.0.40219.1
Project("{9A19103F-16F7-4668-BE54-9A1E7A4F7556}") = "MassTransitDocker", "src\MassTransitDocker\MassTransitDocker.csproj", "{4E2683D2-1B07-40C0-9099-0605DC960B92}"
EndProject
Project("{E53339B2-1760-4266-BCC7-CA923CBCF16C}") = "docker-compose", "docker-compose.dcproj", "{C1E5B5EE-960D-4A98-98E8-DD9AEF847C1D}"
EndProject
Global
	GlobalSection(SolutionConfigurationPlatforms) = preSolution
		Debug|Any CPU = Debug|Any CPU
		Release|Any CPU = Release|Any CPU
	EndGlobalSection
	GlobalSection(ProjectConfigurationPlatforms) = postSolution
		{4E2683D2-1B07-40C0-9099-0605DC960B92}.Debug|Any CPU.ActiveCfg = Debug|Any CPU
		{4E2683D2-1B07-40C0-9099-0605DC960B92}.Debug|Any CPU.Build.0 = Debug|Any CPU
		{4E2683D2-1B07-40C0-9099-0605DC960B92}.Release|Any CPU.ActiveCfg = Release|Any CPU
		{4E2683D2-1B07-40C0-9099-0605DC960B92}.Release|Any CPU.Build.0 = Release|Any CPU
		{C1E5B5EE-960D-4A98-98E8-DD9AEF847C1D}.Debug|Any CPU.ActiveCfg = Debug|Any CPU
		{C1E5B5EE-960D-4A98-98E8-DD9AEF847C1D}.Debug|Any CPU.Build.0 = Debug|Any CPU
		{C1E5B5EE-960D-4A98-98E8-DD9AEF847C1D}.Release|Any CPU.ActiveCfg = Release|Any CPU
		{C1E5B5EE-960D-4A98-98E8-DD9AEF847C1D}.Release|Any CPU.Build.0 = Release|Any CPU
	EndGlobalSection
	GlobalSection(SolutionProperties) = preSolution
		HideSolutionNode = FALSE
	EndGlobalSection
EndGlobal
